
Microsoft Visual Studio Solution File, Format Version 12.00
# Visual Studio Version 17
VisualStudioVersion = 17.5.002.0
MinimumVisualStudioVersion = 10.0.40219.1
Project("{2150E333-8FDC-42A3-9474-1A3956D46DE8}") = "projects", "projects", "{7A3A578F-9467-4109-B373-C358A97E0A82}"
EndProject
Project("{9A19103F-16F7-4668-BE54-9A1E7A4F7556}") = "Blog", "projects\Blog\Blog.csproj", "{C7301023-D05C-4958-A048-105572CE527E}"
EndProject
Global
	GlobalSection(SolutionConfigurationPlatforms) = preSolution
		Debug|Any CPU = Debug|Any CPU
		Release|Any CPU = Release|Any CPU
	EndGlobalSection
	GlobalSection(ProjectConfigurationPlatforms) = postSolution
		{C7301023-D05C-4958-A048-105572CE527E}.Debug|Any CPU.ActiveCfg = Debug|Any CPU
		{C7301023-D05C-4958-A048-105572CE527E}.Debug|Any CPU.Build.0 = Debug|Any CPU
		{C7301023-D05C-4958-A048-105572CE527E}.Release|Any CPU.ActiveCfg = Release|Any CPU
		{C7301023-D05C-4958-A048-105572CE527E}.Release|Any CPU.Build.0 = Release|Any CPU
	EndGlobalSection
	GlobalSection(SolutionProperties) = preSolution
		HideSolutionNode = FALSE
	EndGlobalSection
	GlobalSection(NestedProjects) = preSolution
		{C7301023-D05C-4958-A048-105572CE527E} = {7A3A578F-9467-4109-B373-C358A97E0A82}
	EndGlobalSection
	GlobalSection(ExtensibilityGlobals) = postSolution
		SolutionGuid = {9E32B7F8-381A-4BE7-B1B8-F092B6D40DBC}
	EndGlobalSection
EndGlobal
